
Microsoft Visual Studio Solution File, Format Version 12.00
# Visual Studio 15
VisualStudioVersion = 15.0.28010.2019
MinimumVisualStudioVersion = 10.0.40219.1
Project("{FAE04EC0-301F-11D3-BF4B-00C04F79EFBC}") = "Gomoku", "Gomoku\Gomoku.csproj", "{C37A7CF8-2FAB-4FBF-9F28-D6DBB5915083}"
EndProject
Global
	GlobalSection(SolutionConfigurationPlatforms) = preSolution
		Debug|Any CPU = Debug|Any CPU
		Release|Any CPU = Release|Any CPU
	EndGlobalSection
	GlobalSection(ProjectConfigurationPlatforms) = postSolution
		{C37A7CF8-2FAB-4FBF-9F28-D6DBB5915083}.Debug|Any CPU.ActiveCfg = Debug|Any CPU
		{C37A7CF8-2FAB-4FBF-9F28-D6DBB5915083}.Debug|Any CPU.Build.0 = Debug|Any CPU
		{C37A7CF8-2FAB-4FBF-9F28-D6DBB5915083}.Release|Any CPU.ActiveCfg = Release|Any CPU
		{C37A7CF8-2FAB-4FBF-9F28-D6DBB5915083}.Release|Any CPU.Build.0 = Release|Any CPU
	EndGlobalSection
	GlobalSection(SolutionProperties) = preSolution
		HideSolutionNode = FALSE
	EndGlobalSection
	GlobalSection(ExtensibilityGlobals) = postSolution
		SolutionGuid = {C51B5E74-69F3-42A3-859F-063FC7EAB869}
	EndGlobalSection
EndGlobal
